
Microsoft Visual Studio Solution File, Format Version 12.00
# Visual Studio 14
VisualStudioVersion = 14.0.24720.0
MinimumVisualStudioVersion = 10.0.40219.1
Project("{FAE04EC0-301F-11D3-BF4B-00C04F79EFBC}") = "ConsoleHarness", "ConsoleHarness\ConsoleHarness.csproj", "{DB80DF98-A7EF-481B-ADC8-CC02A7690B66}"
EndProject
Project("{FAE04EC0-301F-11D3-BF4B-00C04F79EFBC}") = "Core", "Core\Core.csproj", "{3966877F-D3C2-464E-9C55-BC37BEC14CCC}"
EndProject
Project("{FAE04EC0-301F-11D3-BF4B-00C04F79EFBC}") = "UI.WinForms", "UI.WinForms\UI.WinForms.csproj", "{960DED22-FFC6-4ED4-BD51-464A4B2B5304}"
EndProject
Project("{FAE04EC0-301F-11D3-BF4B-00C04F79EFBC}") = "Service", "Service\Service.csproj", "{E488C3D8-CF6B-436F-9EB7-EA012CC502F0}"
EndProject
Project("{FAE04EC0-301F-11D3-BF4B-00C04F79EFBC}") = "Tests", "Tests\Tests.csproj", "{3FB776C1-219C-4E38-B149-76BE661B33ED}"
EndProject
Project("{FAE04EC0-301F-11D3-BF4B-00C04F79EFBC}") = "Infrastructure", "Infrastructure\Infrastructure.csproj", "{79DAF155-B87E-417D-9ED8-2CCCDA1B92CD}"
EndProject
Global
	GlobalSection(SolutionConfigurationPlatforms) = preSolution
		Debug|Any CPU = Debug|Any CPU
		Release|Any CPU = Release|Any CPU
	EndGlobalSection
	GlobalSection(ProjectConfigurationPlatforms) = postSolution
		{DB80DF98-A7EF-481B-ADC8-CC02A7690B66}.Debug|Any CPU.ActiveCfg = Debug|Any CPU
		{DB80DF98-A7EF-481B-ADC8-CC02A7690B66}.Debug|Any CPU.Build.0 = Debug|Any CPU
		{DB80DF98-A7EF-481B-ADC8-CC02A7690B66}.Release|Any CPU.ActiveCfg = Release|Any CPU
		{DB80DF98-A7EF-481B-ADC8-CC02A7690B66}.Release|Any CPU.Build.0 = Release|Any CPU
		{3966877F-D3C2-464E-9C55-BC37BEC14CCC}.Debug|Any CPU.ActiveCfg = Debug|Any CPU
		{3966877F-D3C2-464E-9C55-BC37BEC14CCC}.Debug|Any CPU.Build.0 = Debug|Any CPU
		{3966877F-D3C2-464E-9C55-BC37BEC14CCC}.Release|Any CPU.ActiveCfg = Release|Any CPU
		{3966877F-D3C2-464E-9C55-BC37BEC14CCC}.Release|Any CPU.Build.0 = Release|Any CPU
		{960DED22-FFC6-4ED4-BD51-464A4B2B5304}.Debug|Any CPU.ActiveCfg = Debug|Any CPU
		{960DED22-FFC6-4ED4-BD51-464A4B2B5304}.Debug|Any CPU.Build.0 = Debug|Any CPU
		{960DED22-FFC6-4ED4-BD51-464A4B2B5304}.Release|Any CPU.ActiveCfg = Release|Any CPU
		{960DED22-FFC6-4ED4-BD51-464A4B2B5304}.Release|Any CPU.Build.0 = Release|Any CPU
		{E488C3D8-CF6B-436F-9EB7-EA012CC502F0}.Debug|Any CPU.ActiveCfg = Debug|Any CPU
		{E488C3D8-CF6B-436F-9EB7-EA012CC502F0}.Debug|Any CPU.Build.0 = Debug|Any CPU
		{E488C3D8-CF6B-436F-9EB7-EA012CC502F0}.Release|Any CPU.ActiveCfg = Release|Any CPU
		{E488C3D8-CF6B-436F-9EB7-EA012CC502F0}.Release|Any CPU.Build.0 = Release|Any CPU
		{3FB776C1-219C-4E38-B149-76BE661B33ED}.Debug|Any CPU.ActiveCfg = Debug|Any CPU
		{3FB776C1-219C-4E38-B149-76BE661B33ED}.Debug|Any CPU.Build.0 = Debug|Any CPU
		{3FB776C1-219C-4E38-B149-76BE661B33ED}.Release|Any CPU.ActiveCfg = Release|Any CPU
		{3FB776C1-219C-4E38-B149-76BE661B33ED}.Release|Any CPU.Build.0 = Release|Any CPU
		{79DAF155-B87E-417D-9ED8-2CCCDA1B92CD}.Debug|Any CPU.ActiveCfg = Debug|Any CPU
		{79DAF155-B87E-417D-9ED8-2CCCDA1B92CD}.Debug|Any CPU.Build.0 = Debug|Any CPU
		{79DAF155-B87E-417D-9ED8-2CCCDA1B92CD}.Release|Any CPU.ActiveCfg = Release|Any CPU
		{79DAF155-B87E-417D-9ED8-2CCCDA1B92CD}.Release|Any CPU.Build.0 = Release|Any CPU
	EndGlobalSection
	GlobalSection(SolutionProperties) = preSolution
		HideSolutionNode = FALSE
	EndGlobalSection
EndGlobal
